
Microsoft Visual Studio Solution File, Format Version 12.00
# Visual Studio 15
VisualStudioVersion = 15.0.27004.2008
MinimumVisualStudioVersion = 10.0.40219.1
Project("{FAE04EC0-301F-11D3-BF4B-00C04F79EFBC}") = "AngularTestCx", "AngularTestCx\AngularTestCx.csproj", "{4E92263E-4B30-4D03-B40D-88B868C0E888}"
EndProject
Global
	GlobalSection(SolutionConfigurationPlatforms) = preSolution
		Debug|Any CPU = Debug|Any CPU
		Release|Any CPU = Release|Any CPU
	EndGlobalSection
	GlobalSection(ProjectConfigurationPlatforms) = postSolution
		{4E92263E-4B30-4D03-B40D-88B868C0E888}.Debug|Any CPU.ActiveCfg = Debug|Any CPU
		{4E92263E-4B30-4D03-B40D-88B868C0E888}.Debug|Any CPU.Build.0 = Debug|Any CPU
		{4E92263E-4B30-4D03-B40D-88B868C0E888}.Release|Any CPU.ActiveCfg = Release|Any CPU
		{4E92263E-4B30-4D03-B40D-88B868C0E888}.Release|Any CPU.Build.0 = Release|Any CPU
	EndGlobalSection
	GlobalSection(SolutionProperties) = preSolution
		HideSolutionNode = FALSE
	EndGlobalSection
	GlobalSection(ExtensibilityGlobals) = postSolution
		SolutionGuid = {F7203764-5B43-4406-9F20-4DF16E1A7203}
	EndGlobalSection
EndGlobal
